
Microsoft Visual Studio Solution File, Format Version 12.00
# Visual Studio 14
VisualStudioVersion = 14.0.25420.1
MinimumVisualStudioVersion = 10.0.40219.1
Project("{FAE04EC0-301F-11D3-BF4B-00C04F79EFBC}") = "SoundMind", "SoundMind\SoundMind.csproj", "{9C71EC96-D86E-4022-85C4-B3AE94B0EA60}"
EndProject
Global
	GlobalSection(SolutionConfigurationPlatforms) = preSolution
		Debug|Any CPU = Debug|Any CPU
		Release|Any CPU = Release|Any CPU
	EndGlobalSection
	GlobalSection(ProjectConfigurationPlatforms) = postSolution
		{9C71EC96-D86E-4022-85C4-B3AE94B0EA60}.Debug|Any CPU.ActiveCfg = Debug|Any CPU
		{9C71EC96-D86E-4022-85C4-B3AE94B0EA60}.Debug|Any CPU.Build.0 = Debug|Any CPU
		{9C71EC96-D86E-4022-85C4-B3AE94B0EA60}.Release|Any CPU.ActiveCfg = Release|Any CPU
		{9C71EC96-D86E-4022-85C4-B3AE94B0EA60}.Release|Any CPU.Build.0 = Release|Any CPU
	EndGlobalSection
	GlobalSection(SolutionProperties) = preSolution
		HideSolutionNode = FALSE
	EndGlobalSection
EndGlobal
